
Microsoft Visual Studio Solution File, Format Version 12.00
# Visual Studio 2015
Project("{FAE04EC0-301F-11D3-BF4B-00C04F79EFBC}") = "Gameworld.CSharp.Plugins", "Gameworld.CSharp.Plugins.csproj", "{01243AA2-5FAB-94A8-0008-3565DB796424}"
EndProject
Project("{FAE04EC0-301F-11D3-BF4B-00C04F79EFBC}") = "Gameworld.CSharp", "Gameworld.CSharp.csproj", "{22F16D09-F574-CA8D-3809-21CC156A10FF}"
EndProject
Project("{FAE04EC0-301F-11D3-BF4B-00C04F79EFBC}") = "Gameworld.CSharp.Editor", "Gameworld.CSharp.Editor.csproj", "{D87C436C-7003-FE93-ACEC-EF82AD5EB52C}"
EndProject
Global
	GlobalSection(SolutionConfigurationPlatforms) = preSolution
		Debug|Any CPU = Debug|Any CPU
		Release|Any CPU = Release|Any CPU
	EndGlobalSection
	GlobalSection(ProjectConfigurationPlatforms) = postSolution
		{01243AA2-5FAB-94A8-0008-3565DB796424}.Debug|Any CPU.ActiveCfg = Debug|Any CPU
		{01243AA2-5FAB-94A8-0008-3565DB796424}.Debug|Any CPU.Build.0 = Debug|Any CPU
		{01243AA2-5FAB-94A8-0008-3565DB796424}.Release|Any CPU.ActiveCfg = Release|Any CPU
		{01243AA2-5FAB-94A8-0008-3565DB796424}.Release|Any CPU.Build.0 = Release|Any CPU
		{22F16D09-F574-CA8D-3809-21CC156A10FF}.Debug|Any CPU.ActiveCfg = Debug|Any CPU
		{22F16D09-F574-CA8D-3809-21CC156A10FF}.Debug|Any CPU.Build.0 = Debug|Any CPU
		{22F16D09-F574-CA8D-3809-21CC156A10FF}.Release|Any CPU.ActiveCfg = Release|Any CPU
		{22F16D09-F574-CA8D-3809-21CC156A10FF}.Release|Any CPU.Build.0 = Release|Any CPU
		{D87C436C-7003-FE93-ACEC-EF82AD5EB52C}.Debug|Any CPU.ActiveCfg = Debug|Any CPU
		{D87C436C-7003-FE93-ACEC-EF82AD5EB52C}.Debug|Any CPU.Build.0 = Debug|Any CPU
		{D87C436C-7003-FE93-ACEC-EF82AD5EB52C}.Release|Any CPU.ActiveCfg = Release|Any CPU
		{D87C436C-7003-FE93-ACEC-EF82AD5EB52C}.Release|Any CPU.Build.0 = Release|Any CPU
	EndGlobalSection
	GlobalSection(SolutionProperties) = preSolution
		HideSolutionNode = FALSE
	EndGlobalSection
EndGlobal
